// !$*UTF8*$!
{
	archiveVersion = 1;
	classes = {
	};
	objectVersion = 46;
	objects = {

/* Begin PBXBuildFile section */
		330456901BD95C0300B4EA34 /* Waypoint+CoreDataProperties.swift in Sources */ = {isa = PBXBuildFile; fileRef = 3304568C1BD95C0300B4EA34 /* Waypoint+CoreDataProperties.swift */; };
		330456911BD95C0300B4EA34 /* Waypoint.swift in Sources */ = {isa = PBXBuildFile; fileRef = 3304568D1BD95C0300B4EA34 /* Waypoint.swift */; };
		330456921BD95C0300B4EA34 /* Trip+CoreDataProperties.swift in Sources */ = {isa = PBXBuildFile; fileRef = 3304568E1BD95C0300B4EA34 /* Trip+CoreDataProperties.swift */; };
		330456931BD95C0300B4EA34 /* Trip.swift in Sources */ = {isa = PBXBuildFile; fileRef = 3304568F1BD95C0300B4EA34 /* Trip.swift */; };
		331F9F4C1BE0034D009AC387 /* MapHelper.swift in Sources */ = {isa = PBXBuildFile; fileRef = 331F9F4B1BE0034D009AC387 /* MapHelper.swift */; };
		331F9F4F1BE13EBB009AC387 /* MapViewDecorator.swift in Sources */ = {isa = PBXBuildFile; fileRef = 331F9F4E1BE13EBB009AC387 /* MapViewDecorator.swift */; };
		332A1F0B1BD6F42E004FA8A6 /* CoreData.framework in Frameworks */ = {isa = PBXBuildFile; fileRef = 332A1F0A1BD6F42E004FA8A6 /* CoreData.framework */; };
		332A1F0F1BD6F505004FA8A6 /* CoreDataModel.xcdatamodeld in Sources */ = {isa = PBXBuildFile; fileRef = 332A1F0D1BD6F505004FA8A6 /* CoreDataModel.xcdatamodeld */; };
		332A1F111BD6F5A6004FA8A6 /* DataController.swift in Sources */ = {isa = PBXBuildFile; fileRef = 332A1F101BD6F5A6004FA8A6 /* DataController.swift */; };
		334FC03B1BD8C1EA0094CA5B /* DataHelper.swift in Sources */ = {isa = PBXBuildFile; fileRef = 334FC03A1BD8C1EA0094CA5B /* DataHelper.swift */; };
		3358E7E91BD5AB630060C4CB /* AppDelegate.swift in Sources */ = {isa = PBXBuildFile; fileRef = 3358E7E81BD5AB630060C4CB /* AppDelegate.swift */; };
		3358E7EE1BD5AB630060C4CB /* Main.storyboard in Resources */ = {isa = PBXBuildFile; fileRef = 3358E7EC1BD5AB630060C4CB /* Main.storyboard */; };
		3358E7F01BD5AB630060C4CB /* Assets.xcassets in Resources */ = {isa = PBXBuildFile; fileRef = 3358E7EF1BD5AB630060C4CB /* Assets.xcassets */; };
		3358E7F31BD5AB630060C4CB /* LaunchScreen.storyboard in Resources */ = {isa = PBXBuildFile; fileRef = 3358E7F11BD5AB630060C4CB /* LaunchScreen.storyboard */; };
		3358E7FE1BD5AB630060C4CB /* MSTripPlannerTests.swift in Sources */ = {isa = PBXBuildFile; fileRef = 3358E7FD1BD5AB630060C4CB /* MSTripPlannerTests.swift */; };
		3358E8091BD5AB630060C4CB /* MSTripPlannerUITests.swift in Sources */ = {isa = PBXBuildFile; fileRef = 3358E8081BD5AB630060C4CB /* MSTripPlannerUITests.swift */; };
		3358E81A1BD5AC100060C4CB /* PlannedTripsViewController.swift in Sources */ = {isa = PBXBuildFile; fileRef = 3358E8191BD5AC100060C4CB /* PlannedTripsViewController.swift */; };
		3358E81C1BD5AC1B0060C4CB /* AddTripViewController.swift in Sources */ = {isa = PBXBuildFile; fileRef = 3358E81B1BD5AC1B0060C4CB /* AddTripViewController.swift */; };
		3358E81E1BD5B2550060C4CB /* TripDetailViewController.swift in Sources */ = {isa = PBXBuildFile; fileRef = 3358E81D1BD5B2550060C4CB /* TripDetailViewController.swift */; };
		3358E8201BD5B3050060C4CB /* AddWaypointViewController.swift in Sources */ = {isa = PBXBuildFile; fileRef = 3358E81F1BD5B3050060C4CB /* AddWaypointViewController.swift */; };
		3358E8221BD5B6300060C4CB /* WaypointViewController.swift in Sources */ = {isa = PBXBuildFile; fileRef = 3358E8211BD5B6300060C4CB /* WaypointViewController.swift */; };
		338C04B81BDFEE90003D74C6 /* WaypointCell.swift in Sources */ = {isa = PBXBuildFile; fileRef = 338C04B71BDFEE90003D74C6 /* WaypointCell.swift */; };
		338C04BA1BDFF64E003D74C6 /* PlaceCell.swift in Sources */ = {isa = PBXBuildFile; fileRef = 338C04B91BDFF64E003D74C6 /* PlaceCell.swift */; };
		3395466D1BDEBA1700E0F10C /* MapKit.framework in Frameworks */ = {isa = PBXBuildFile; fileRef = 3395466C1BDEBA1700E0F10C /* MapKit.framework */; };
		33FC21261BDAB23D00109565 /* AddTripView.swift in Sources */ = {isa = PBXBuildFile; fileRef = 33FC21251BDAB23D00109565 /* AddTripView.swift */; };
		33FC21291BDAD42100109565 /* TripCell.swift in Sources */ = {isa = PBXBuildFile; fileRef = 33FC21281BDAD42100109565 /* TripCell.swift */; };
		D85E596D187CA0B25063E4F5 /* libPods-MSTripPlanner.a in Frameworks */ = {isa = PBXBuildFile; fileRef = AD41F15D8792E82859260FB5 /* libPods-MSTripPlanner.a */; };
/* End PBXBuildFile section */

/* Begin PBXContainerItemProxy section */
		3358E7FA1BD5AB630060C4CB /* PBXContainerItemProxy */ = {
			isa = PBXContainerItemProxy;
			containerPortal = 3358E7DD1BD5AB630060C4CB /* Project object */;
			proxyType = 1;
			remoteGlobalIDString = 3358E7E41BD5AB630060C4CB;
			remoteInfo = MSTripPlanner;
		};
		3358E8051BD5AB630060C4CB /* PBXContainerItemProxy */ = {
			isa = PBXContainerItemProxy;
			containerPortal = 3358E7DD1BD5AB630060C4CB /* Project object */;
			proxyType = 1;
			remoteGlobalIDString = 3358E7E41BD5AB630060C4CB;
			remoteInfo = MSTripPlanner;
		};
/* End PBXContainerItemProxy section */

/* Begin PBXFileReference section */
		3304568C1BD95C0300B4EA34 /* Waypoint+CoreDataProperties.swift */ = {isa = PBXFileReference; fileEncoding = 4; lastKnownFileType = sourcecode.swift; path = "Waypoint+CoreDataProperties.swift"; sourceTree = "<group>"; };
		3304568D1BD95C0300B4EA34 /* Waypoint.swift */ = {isa = PBXFileReference; fileEncoding = 4; lastKnownFileType = sourcecode.swift; path = Waypoint.swift; sourceTree = "<group>"; };
		3304568E1BD95C0300B4EA34 /* Trip+CoreDataProperties.swift */ = {isa = PBXFileReference; fileEncoding = 4; lastKnownFileType = sourcecode.swift; path = "Trip+CoreDataProperties.swift"; sourceTree = "<group>"; };
		3304568F1BD95C0300B4EA34 /* Trip.swift */ = {isa = PBXFileReference; fileEncoding = 4; lastKnownFileType = sourcecode.swift; path = Trip.swift; sourceTree = "<group>"; };
		331F9F4B1BE0034D009AC387 /* MapHelper.swift */ = {isa = PBXFileReference; fileEncoding = 4; lastKnownFileType = sourcecode.swift; path = MapHelper.swift; sourceTree = "<group>"; };
		331F9F4E1BE13EBB009AC387 /* MapViewDecorator.swift */ = {isa = PBXFileReference; fileEncoding = 4; lastKnownFileType = sourcecode.swift; path = MapViewDecorator.swift; sourceTree = "<group>"; };
		332A1F0A1BD6F42E004FA8A6 /* CoreData.framework */ = {isa = PBXFileReference; lastKnownFileType = wrapper.framework; name = CoreData.framework; path = System/Library/Frameworks/CoreData.framework; sourceTree = SDKROOT; };
		332A1F0E1BD6F505004FA8A6 /* CoreDataModel.xcdatamodel */ = {isa = PBXFileReference; lastKnownFileType = wrapper.xcdatamodel; path = CoreDataModel.xcdatamodel; sourceTree = "<group>"; };
		332A1F101BD6F5A6004FA8A6 /* DataController.swift */ = {isa = PBXFileReference; fileEncoding = 4; lastKnownFileType = sourcecode.swift; path = DataController.swift; sourceTree = "<group>"; };
		334FC03A1BD8C1EA0094CA5B /* DataHelper.swift */ = {isa = PBXFileReference; fileEncoding = 4; lastKnownFileType = sourcecode.swift; path = DataHelper.swift; sourceTree = "<group>"; };
		3358E7E51BD5AB630060C4CB /* MSTripPlanner.app */ = {isa = PBXFileReference; explicitFileType = wrapper.application; includeInIndex = 0; path = MSTripPlanner.app; sourceTree = BUILT_PRODUCTS_DIR; };
		3358E7E81BD5AB630060C4CB /* AppDelegate.swift */ = {isa = PBXFileReference; lastKnownFileType = sourcecode.swift; path = AppDelegate.swift; sourceTree = "<group>"; };
		3358E7ED1BD5AB630060C4CB /* Base */ = {isa = PBXFileReference; lastKnownFileType = file.storyboard; name = Base; path = Base.lproj/Main.storyboard; sourceTree = "<group>"; };
		3358E7EF1BD5AB630060C4CB /* Assets.xcassets */ = {isa = PBXFileReference; lastKnownFileType = folder.assetcatalog; path = Assets.xcassets; sourceTree = "<group>"; };
		3358E7F21BD5AB630060C4CB /* Base */ = {isa = PBXFileReference; lastKnownFileType = file.storyboard; name = Base; path = Base.lproj/LaunchScreen.storyboard; sourceTree = "<group>"; };
		3358E7F41BD5AB630060C4CB /* Info.plist */ = {isa = PBXFileReference; lastKnownFileType = text.plist.xml; path = Info.plist; sourceTree = "<group>"; };
		3358E7F91BD5AB630060C4CB /* MSTripPlannerTests.xctest */ = {isa = PBXFileReference; explicitFileType = wrapper.cfbundle; includeInIndex = 0; path = MSTripPlannerTests.xctest; sourceTree = BUILT_PRODUCTS_DIR; };
		3358E7FD1BD5AB630060C4CB /* MSTripPlannerTests.swift */ = {isa = PBXFileReference; lastKnownFileType = sourcecode.swift; path = MSTripPlannerTests.swift; sourceTree = "<group>"; };
		3358E7FF1BD5AB630060C4CB /* Info.plist */ = {isa = PBXFileReference; lastKnownFileType = text.plist.xml; path = Info.plist; sourceTree = "<group>"; };
		3358E8041BD5AB630060C4CB /* MSTripPlannerUITests.xctest */ = {isa = PBXFileReference; explicitFileType = wrapper.cfbundle; includeInIndex = 0; path = MSTripPlannerUITests.xctest; sourceTree = BUILT_PRODUCTS_DIR; };
		3358E8081BD5AB630060C4CB /* MSTripPlannerUITests.swift */ = {isa = PBXFileReference; lastKnownFileType = sourcecode.swift; path = MSTripPlannerUITests.swift; sourceTree = "<group>"; };
		3358E80A1BD5AB630060C4CB /* Info.plist */ = {isa = PBXFileReference; lastKnownFileType = text.plist.xml; path = Info.plist; sourceTree = "<group>"; };
		3358E8191BD5AC100060C4CB /* PlannedTripsViewController.swift */ = {isa = PBXFileReference; fileEncoding = 4; lastKnownFileType = sourcecode.swift; path = PlannedTripsViewController.swift; sourceTree = "<group>"; };
		3358E81B1BD5AC1B0060C4CB /* AddTripViewController.swift */ = {isa = PBXFileReference; fileEncoding = 4; lastKnownFileType = sourcecode.swift; path = AddTripViewController.swift; sourceTree = "<group>"; };
		3358E81D1BD5B2550060C4CB /* TripDetailViewController.swift */ = {isa = PBXFileReference; fileEncoding = 4; lastKnownFileType = sourcecode.swift; path = TripDetailViewController.swift; sourceTree = "<group>"; };
		3358E81F1BD5B3050060C4CB /* AddWaypointViewController.swift */ = {isa = PBXFileReference; fileEncoding = 4; lastKnownFileType = sourcecode.swift; path = AddWaypointViewController.swift; sourceTree = "<group>"; };
		3358E8211BD5B6300060C4CB /* WaypointViewController.swift */ = {isa = PBXFileReference; fileEncoding = 4; lastKnownFileType = sourcecode.swift; path = WaypointViewController.swift; sourceTree = "<group>"; };
		338C04B71BDFEE90003D74C6 /* WaypointCell.swift */ = {isa = PBXFileReference; fileEncoding = 4; lastKnownFileType = sourcecode.swift; path = WaypointCell.swift; sourceTree = "<group>"; };
		338C04B91BDFF64E003D74C6 /* PlaceCell.swift */ = {isa = PBXFileReference; fileEncoding = 4; lastKnownFileType = sourcecode.swift; path = PlaceCell.swift; sourceTree = "<group>"; };
		3395466C1BDEBA1700E0F10C /* MapKit.framework */ = {isa = PBXFileReference; lastKnownFileType = wrapper.framework; name = MapKit.framework; path = System/Library/Frameworks/MapKit.framework; sourceTree = SDKROOT; };
		33FC21251BDAB23D00109565 /* AddTripView.swift */ = {isa = PBXFileReference; fileEncoding = 4; lastKnownFileType = sourcecode.swift; path = AddTripView.swift; sourceTree = "<group>"; };
		33FC21281BDAD42100109565 /* TripCell.swift */ = {isa = PBXFileReference; fileEncoding = 4; lastKnownFileType = sourcecode.swift; path = TripCell.swift; sourceTree = "<group>"; };
		AD41F15D8792E82859260FB5 /* libPods-MSTripPlanner.a */ = {isa = PBXFileReference; explicitFileType = archive.ar; includeInIndex = 0; path = "libPods-MSTripPlanner.a"; sourceTree = BUILT_PRODUCTS_DIR; };
		AE9A965A89C656F4FBE7FE65 /* Pods-MSTripPlanner.debug.xcconfig */ = {isa = PBXFileReference; includeInIndex = 1; lastKnownFileType = text.xcconfig; name = "Pods-MSTripPlanner.debug.xcconfig"; path = "Pods/Target Support Files/Pods-MSTripPlanner/Pods-MSTripPlanner.debug.xcconfig"; sourceTree = "<group>"; };
		CF9E83C556CEFEA2F98D1306 /* Pods-MSTripPlanner.release.xcconfig */ = {isa = PBXFileReference; includeInIndex = 1; lastKnownFileType = text.xcconfig; name = "Pods-MSTripPlanner.release.xcconfig"; path = "Pods/Target Support Files/Pods-MSTripPlanner/Pods-MSTripPlanner.release.xcconfig"; sourceTree = "<group>"; };
/* End PBXFileReference section */

/* Begin PBXFrameworksBuildPhase section */
		3358E7E21BD5AB630060C4CB /* Frameworks */ = {
			isa = PBXFrameworksBuildPhase;
			buildActionMask = 2147483647;
			files = (
				3395466D1BDEBA1700E0F10C /* MapKit.framework in Frameworks */,
				332A1F0B1BD6F42E004FA8A6 /* CoreData.framework in Frameworks */,
				D85E596D187CA0B25063E4F5 /* libPods-MSTripPlanner.a in Frameworks */,
			);
			runOnlyForDeploymentPostprocessing = 0;
		};
		3358E7F61BD5AB630060C4CB /* Frameworks */ = {
			isa = PBXFrameworksBuildPhase;
			buildActionMask = 2147483647;
			files = (
			);
			runOnlyForDeploymentPostprocessing = 0;
		};
		3358E8011BD5AB630060C4CB /* Frameworks */ = {
			isa = PBXFrameworksBuildPhase;
			buildActionMask = 2147483647;
			files = (
			);
			runOnlyForDeploymentPostprocessing = 0;
		};
/* End PBXFrameworksBuildPhase section */

/* Begin PBXGroup section */
		331F9F4D1BE13EA8009AC387 /* Decorators */ = {
			isa = PBXGroup;
			children = (
				331F9F4E1BE13EBB009AC387 /* MapViewDecorator.swift */,
			);
			path = Decorators;
			sourceTree = "<group>";
		};
		332A1F0C1BD6F4BA004FA8A6 /* CoreData */ = {
			isa = PBXGroup;
			children = (
				332A1F0D1BD6F505004FA8A6 /* CoreDataModel.xcdatamodeld */,
				332A1F101BD6F5A6004FA8A6 /* DataController.swift */,
			);
			path = CoreData;
			sourceTree = "<group>";
		};
		3358E7DC1BD5AB630060C4CB = {
			isa = PBXGroup;
			children = (
				3395466C1BDEBA1700E0F10C /* MapKit.framework */,
				332A1F0A1BD6F42E004FA8A6 /* CoreData.framework */,
				3358E7E71BD5AB630060C4CB /* MSTripPlanner */,
				3358E7FC1BD5AB630060C4CB /* MSTripPlannerTests */,
				3358E8071BD5AB630060C4CB /* MSTripPlannerUITests */,
				3358E7E61BD5AB630060C4CB /* Products */,
				B8A0E2EB4EA91FB678DCB305 /* Pods */,
				DF0254EAE3E0528C9074BFD1 /* Frameworks */,
			);
			sourceTree = "<group>";
		};
		3358E7E61BD5AB630060C4CB /* Products */ = {
			isa = PBXGroup;
			children = (
				3358E7E51BD5AB630060C4CB /* MSTripPlanner.app */,
				3358E7F91BD5AB630060C4CB /* MSTripPlannerTests.xctest */,
				3358E8041BD5AB630060C4CB /* MSTripPlannerUITests.xctest */,
			);
			name = Products;
			sourceTree = "<group>";
		};
		3358E7E71BD5AB630060C4CB /* MSTripPlanner */ = {
			isa = PBXGroup;
			children = (
				331F9F4D1BE13EA8009AC387 /* Decorators */,
				33FC21271BDAD40B00109565 /* Cells */,
				33F516B21BD8A58D00144DDC /* Models */,
				332A1F0C1BD6F4BA004FA8A6 /* CoreData */,
				3358E8161BD5ABF90060C4CB /* Helpers */,
				3358E8171BD5ABF90060C4CB /* View Controllers */,
				3358E8181BD5ABF90060C4CB /* Views */,
				3358E7E81BD5AB630060C4CB /* AppDelegate.swift */,
				3358E7EC1BD5AB630060C4CB /* Main.storyboard */,
				3358E7EF1BD5AB630060C4CB /* Assets.xcassets */,
				3358E7F11BD5AB630060C4CB /* LaunchScreen.storyboard */,
				3358E7F41BD5AB630060C4CB /* Info.plist */,
			);
			path = MSTripPlanner;
			sourceTree = "<group>";
		};
		3358E7FC1BD5AB630060C4CB /* MSTripPlannerTests */ = {
			isa = PBXGroup;
			children = (
				3358E7FD1BD5AB630060C4CB /* MSTripPlannerTests.swift */,
				3358E7FF1BD5AB630060C4CB /* Info.plist */,
			);
			path = MSTripPlannerTests;
			sourceTree = "<group>";
		};
		3358E8071BD5AB630060C4CB /* MSTripPlannerUITests */ = {
			isa = PBXGroup;
			children = (
				3358E8081BD5AB630060C4CB /* MSTripPlannerUITests.swift */,
				3358E80A1BD5AB630060C4CB /* Info.plist */,
			);
			path = MSTripPlannerUITests;
			sourceTree = "<group>";
		};
		3358E8161BD5ABF90060C4CB /* Helpers */ = {
			isa = PBXGroup;
			children = (
				334FC03A1BD8C1EA0094CA5B /* DataHelper.swift */,
				331F9F4B1BE0034D009AC387 /* MapHelper.swift */,
			);
			path = Helpers;
			sourceTree = "<group>";
		};
		3358E8171BD5ABF90060C4CB /* View Controllers */ = {
			isa = PBXGroup;
			children = (
				3358E8191BD5AC100060C4CB /* PlannedTripsViewController.swift */,
				3358E81B1BD5AC1B0060C4CB /* AddTripViewController.swift */,
				3358E81D1BD5B2550060C4CB /* TripDetailViewController.swift */,
				3358E81F1BD5B3050060C4CB /* AddWaypointViewController.swift */,
				3358E8211BD5B6300060C4CB /* WaypointViewController.swift */,
			);
			path = "View Controllers";
			sourceTree = "<group>";
		};
		3358E8181BD5ABF90060C4CB /* Views */ = {
			isa = PBXGroup;
			children = (
				33FC21251BDAB23D00109565 /* AddTripView.swift */,
			);
			path = Views;
			sourceTree = "<group>";
		};
		33F516B21BD8A58D00144DDC /* Models */ = {
			isa = PBXGroup;
			children = (
				3304568C1BD95C0300B4EA34 /* Waypoint+CoreDataProperties.swift */,
				3304568D1BD95C0300B4EA34 /* Waypoint.swift */,
				3304568E1BD95C0300B4EA34 /* Trip+CoreDataProperties.swift */,
				3304568F1BD95C0300B4EA34 /* Trip.swift */,
			);
			path = Models;
			sourceTree = "<group>";
		};
		33FC21271BDAD40B00109565 /* Cells */ = {
			isa = PBXGroup;
			children = (
				33FC21281BDAD42100109565 /* TripCell.swift */,
				338C04B71BDFEE90003D74C6 /* WaypointCell.swift */,
				338C04B91BDFF64E003D74C6 /* PlaceCell.swift */,
			);
			path = Cells;
			sourceTree = "<group>";
		};
		B8A0E2EB4EA91FB678DCB305 /* Pods */ = {
			isa = PBXGroup;
			children = (
				AE9A965A89C656F4FBE7FE65 /* Pods-MSTripPlanner.debug.xcconfig */,
				CF9E83C556CEFEA2F98D1306 /* Pods-MSTripPlanner.release.xcconfig */,
			);
			name = Pods;
			sourceTree = "<group>";
		};
		DF0254EAE3E0528C9074BFD1 /* Frameworks */ = {
			isa = PBXGroup;
			children = (
				AD41F15D8792E82859260FB5 /* libPods-MSTripPlanner.a */,
			);
			name = Frameworks;
			sourceTree = "<group>";
		};
/* End PBXGroup section */

/* Begin PBXNativeTarget section */
		3358E7E41BD5AB630060C4CB /* MSTripPlanner */ = {
			isa = PBXNativeTarget;
			buildConfigurationList = 3358E80D1BD5AB630060C4CB /* Build configuration list for PBXNativeTarget "MSTripPlanner" */;
			buildPhases = (
				AEC9D78EA228962005B20129 /* Check Pods Manifest.lock */,
				3358E7E11BD5AB630060C4CB /* Sources */,
				3358E7E21BD5AB630060C4CB /* Frameworks */,
				3358E7E31BD5AB630060C4CB /* Resources */,
				EC7E7F750667EF75B2709D95 /* Embed Pods Frameworks */,
				FB7F4DC95980A8FF10A40EC7 /* Copy Pods Resources */,
			);
			buildRules = (
			);
			dependencies = (
			);
			name = MSTripPlanner;
			productName = MSTripPlanner;
			productReference = 3358E7E51BD5AB630060C4CB /* MSTripPlanner.app */;
			productType = "com.apple.product-type.application";
		};
		3358E7F81BD5AB630060C4CB /* MSTripPlannerTests */ = {
			isa = PBXNativeTarget;
			buildConfigurationList = 3358E8101BD5AB630060C4CB /* Build configuration list for PBXNativeTarget "MSTripPlannerTests" */;
			buildPhases = (
				3358E7F51BD5AB630060C4CB /* Sources */,
				3358E7F61BD5AB630060C4CB /* Frameworks */,
				3358E7F71BD5AB630060C4CB /* Resources */,
			);
			buildRules = (
			);
			dependencies = (
				3358E7FB1BD5AB630060C4CB /* PBXTargetDependency */,
			);
			name = MSTripPlannerTests;
			productName = MSTripPlannerTests;
			productReference = 3358E7F91BD5AB630060C4CB /* MSTripPlannerTests.xctest */;
			productType = "com.apple.product-type.bundle.unit-test";
		};
		3358E8031BD5AB630060C4CB /* MSTripPlannerUITests */ = {
			isa = PBXNativeTarget;
			buildConfigurationList = 3358E8131BD5AB630060C4CB /* Build configuration list for PBXNativeTarget "MSTripPlannerUITests" */;
			buildPhases = (
				3358E8001BD5AB630060C4CB /* Sources */,
				3358E8011BD5AB630060C4CB /* Frameworks */,
				3358E8021BD5AB630060C4CB /* Resources */,
			);
			buildRules = (
			);
			dependencies = (
				3358E8061BD5AB630060C4CB /* PBXTargetDependency */,
			);
			name = MSTripPlannerUITests;
			productName = MSTripPlannerUITests;
			productReference = 3358E8041BD5AB630060C4CB /* MSTripPlannerUITests.xctest */;
			productType = "com.apple.product-type.bundle.ui-testing";
		};
/* End PBXNativeTarget section */

/* Begin PBXProject section */
		3358E7DD1BD5AB630060C4CB /* Project object */ = {
			isa = PBXProject;
			attributes = {
				LastUpgradeCheck = 0700;
				ORGANIZATIONNAME = BeingAdrian;
				TargetAttributes = {
					3358E7E41BD5AB630060C4CB = {
						CreatedOnToolsVersion = 7.0.1;
						SystemCapabilities = {
							com.apple.Maps.iOS = {
								enabled = 1;
							};
						};
					};
					3358E7F81BD5AB630060C4CB = {
						CreatedOnToolsVersion = 7.0.1;
						TestTargetID = 3358E7E41BD5AB630060C4CB;
					};
					3358E8031BD5AB630060C4CB = {
						CreatedOnToolsVersion = 7.0.1;
						TestTargetID = 3358E7E41BD5AB630060C4CB;
					};
				};
			};
			buildConfigurationList = 3358E7E01BD5AB630060C4CB /* Build configuration list for PBXProject "MSTripPlanner" */;
			compatibilityVersion = "Xcode 3.2";
			developmentRegion = English;
			hasScannedForEncodings = 0;
			knownRegions = (
				en,
				Base,
			);
			mainGroup = 3358E7DC1BD5AB630060C4CB;
			productRefGroup = 3358E7E61BD5AB630060C4CB /* Products */;
			projectDirPath = "";
			projectRoot = "";
			targets = (
				3358E7E41BD5AB630060C4CB /* MSTripPlanner */,
				3358E7F81BD5AB630060C4CB /* MSTripPlannerTests */,
				3358E8031BD5AB630060C4CB /* MSTripPlannerUITests */,
			);
		};
/* End PBXProject section */

/* Begin PBXResourcesBuildPhase section */
		3358E7E31BD5AB630060C4CB /* Resources */ = {
			isa = PBXResourcesBuildPhase;
			buildActionMask = 2147483647;
			files = (
				3358E7F31BD5AB630060C4CB /* LaunchScreen.storyboard in Resources */,
				3358E7F01BD5AB630060C4CB /* Assets.xcassets in Resources */,
				3358E7EE1BD5AB630060C4CB /* Main.storyboard in Resources */,
			);
			runOnlyForDeploymentPostprocessing = 0;
		};
		3358E7F71BD5AB630060C4CB /* Resources */ = {
			isa = PBXResourcesBuildPhase;
			buildActionMask = 2147483647;
			files = (
			);
			runOnlyForDeploymentPostprocessing = 0;
		};
		3358E8021BD5AB630060C4CB /* Resources */ = {
			isa = PBXResourcesBuildPhase;
			buildActionMask = 2147483647;
			files = (
			);
			runOnlyForDeploymentPostprocessing = 0;
		};
/* End PBXResourcesBuildPhase section */

/* Begin PBXShellScriptBuildPhase section */
		AEC9D78EA228962005B20129 /* Check Pods Manifest.lock */ = {
			isa = PBXShellScriptBuildPhase;
			buildActionMask = 2147483647;
			files = (
			);
			inputPaths = (
			);
			name = "Check Pods Manifest.lock";
			outputPaths = (
			);
			runOnlyForDeploymentPostprocessing = 0;
			shellPath = /bin/sh;
			shellScript = "diff \"${PODS_ROOT}/../Podfile.lock\" \"${PODS_ROOT}/Manifest.lock\" > /dev/null\nif [[ $? != 0 ]] ; then\n    cat << EOM\nerror: The sandbox is not in sync with the Podfile.lock. Run 'pod install' or update your CocoaPods installation.\nEOM\n    exit 1\nfi\n";
			showEnvVarsInLog = 0;
		};
		EC7E7F750667EF75B2709D95 /* Embed Pods Frameworks */ = {
			isa = PBXShellScriptBuildPhase;
			buildActionMask = 2147483647;
			files = (
			);
			inputPaths = (
			);
			name = "Embed Pods Frameworks";
			outputPaths = (
			);
			runOnlyForDeploymentPostprocessing = 0;
			shellPath = /bin/sh;
			shellScript = "\"${SRCROOT}/Pods/Target Support Files/Pods-MSTripPlanner/Pods-MSTripPlanner-frameworks.sh\"\n";
			showEnvVarsInLog = 0;
		};
		FB7F4DC95980A8FF10A40EC7 /* Copy Pods Resources */ = {
			isa = PBXShellScriptBuildPhase;
			buildActionMask = 2147483647;
			files = (
			);
			inputPaths = (
			);
			name = "Copy Pods Resources";
			outputPaths = (
			);
			runOnlyForDeploymentPostprocessing = 0;
			shellPath = /bin/sh;
			shellScript = "\"${SRCROOT}/Pods/Target Support Files/Pods-MSTripPlanner/Pods-MSTripPlanner-resources.sh\"\n";
			showEnvVarsInLog = 0;
		};
/* End PBXShellScriptBuildPhase section */

/* Begin PBXSourcesBuildPhase section */
		3358E7E11BD5AB630060C4CB /* Sources */ = {
			isa = PBXSourcesBuildPhase;
			buildActionMask = 2147483647;
			files = (
				3358E81A1BD5AC100060C4CB /* PlannedTripsViewController.swift in Sources */,
				3358E7E91BD5AB630060C4CB /* AppDelegate.swift in Sources */,
				338C04BA1BDFF64E003D74C6 /* PlaceCell.swift in Sources */,
				331F9F4F1BE13EBB009AC387 /* MapViewDecorator.swift in Sources */,
				330456911BD95C0300B4EA34 /* Waypoint.swift in Sources */,
				33FC21261BDAB23D00109565 /* AddTripView.swift in Sources */,
				33FC21291BDAD42100109565 /* TripCell.swift in Sources */,
				3358E8201BD5B3050060C4CB /* AddWaypointViewController.swift in Sources */,
				332A1F0F1BD6F505004FA8A6 /* CoreDataModel.xcdatamodeld in Sources */,
				3358E81E1BD5B2550060C4CB /* TripDetailViewController.swift in Sources */,
				338C04B81BDFEE90003D74C6 /* WaypointCell.swift in Sources */,
				330456921BD95C0300B4EA34 /* Trip+CoreDataProperties.swift in Sources */,
				330456931BD95C0300B4EA34 /* Trip.swift in Sources */,
				332A1F111BD6F5A6004FA8A6 /* DataController.swift in Sources */,
				3358E81C1BD5AC1B0060C4CB /* AddTripViewController.swift in Sources */,
				331F9F4C1BE0034D009AC387 /* MapHelper.swift in Sources */,
				334FC03B1BD8C1EA0094CA5B /* DataHelper.swift in Sources */,
				330456901BD95C0300B4EA34 /* Waypoint+CoreDataProperties.swift in Sources */,
				3358E8221BD5B6300060C4CB /* WaypointViewController.swift in Sources */,
			);
			runOnlyForDeploymentPostprocessing = 0;
		};
		3358E7F51BD5AB630060C4CB /* Sources */ = {
			isa = PBXSourcesBuildPhase;
			buildActionMask = 2147483647;
			files = (
				3358E7FE1BD5AB630060C4CB /* MSTripPlannerTests.swift in Sources */,
			);
			runOnlyForDeploymentPostprocessing = 0;
		};
		3358E8001BD5AB630060C4CB /* Sources */ = {
			isa = PBXSourcesBuildPhase;
			buildActionMask = 2147483647;
			files = (
				3358E8091BD5AB630060C4CB /* MSTripPlannerUITests.swift in Sources */,
			);
			runOnlyForDeploymentPostprocessing = 0;
		};
/* End PBXSourcesBuildPhase section */

/* Begin PBXTargetDependency section */
		3358E7FB1BD5AB630060C4CB /* PBXTargetDependency */ = {
			isa = PBXTargetDependency;
			target = 3358E7E41BD5AB630060C4CB /* MSTripPlanner */;
			targetProxy = 3358E7FA1BD5AB630060C4CB /* PBXContainerItemProxy */;
		};
		3358E8061BD5AB630060C4CB /* PBXTargetDependency */ = {
			isa = PBXTargetDependency;
			target = 3358E7E41BD5AB630060C4CB /* MSTripPlanner */;
			targetProxy = 3358E8051BD5AB630060C4CB /* PBXContainerItemProxy */;
		};
/* End PBXTargetDependency section */

/* Begin PBXVariantGroup section */
		3358E7EC1BD5AB630060C4CB /* Main.storyboard */ = {
			isa = PBXVariantGroup;
			children = (
				3358E7ED1BD5AB630060C4CB /* Base */,
			);
			name = Main.storyboard;
			sourceTree = "<group>";
		};
		3358E7F11BD5AB630060C4CB /* LaunchScreen.storyboard */ = {
			isa = PBXVariantGroup;
			children = (
				3358E7F21BD5AB630060C4CB /* Base */,
			);
			name = LaunchScreen.storyboard;
			sourceTree = "<group>";
		};
/* End PBXVariantGroup section */

/* Begin XCBuildConfiguration section */
		3358E80B1BD5AB630060C4CB /* Debug */ = {
			isa = XCBuildConfiguration;
			buildSettings = {
				ALWAYS_SEARCH_USER_PATHS = NO;
				CLANG_CXX_LANGUAGE_STANDARD = "gnu++0x";
				CLANG_CXX_LIBRARY = "libc++";
				CLANG_ENABLE_MODULES = YES;
				CLANG_ENABLE_OBJC_ARC = YES;
				CLANG_WARN_BOOL_CONVERSION = YES;
				CLANG_WARN_CONSTANT_CONVERSION = YES;
				CLANG_WARN_DIRECT_OBJC_ISA_USAGE = YES_ERROR;
				CLANG_WARN_EMPTY_BODY = YES;
				CLANG_WARN_ENUM_CONVERSION = YES;
				CLANG_WARN_INT_CONVERSION = YES;
				CLANG_WARN_OBJC_ROOT_CLASS = YES_ERROR;
				CLANG_WARN_UNREACHABLE_CODE = YES;
				CLANG_WARN__DUPLICATE_METHOD_MATCH = YES;
				"CODE_SIGN_IDENTITY[sdk=iphoneos*]" = "iPhone Developer";
				COPY_PHASE_STRIP = NO;
				DEBUG_INFORMATION_FORMAT = dwarf;
				ENABLE_STRICT_OBJC_MSGSEND = YES;
				ENABLE_TESTABILITY = YES;
				GCC_C_LANGUAGE_STANDARD = gnu99;
				GCC_DYNAMIC_NO_PIC = NO;
				GCC_NO_COMMON_BLOCKS = YES;
				GCC_OPTIMIZATION_LEVEL = 0;
				GCC_PREPROCESSOR_DEFINITIONS = (
					"DEBUG=1",
					"$(inherited)",
				);
				GCC_WARN_64_TO_32_BIT_CONVERSION = YES;
				GCC_WARN_ABOUT_RETURN_TYPE = YES_ERROR;
				GCC_WARN_UNDECLARED_SELECTOR = YES;
				GCC_WARN_UNINITIALIZED_AUTOS = YES_AGGRESSIVE;
				GCC_WARN_UNUSED_FUNCTION = YES;
				GCC_WARN_UNUSED_VARIABLE = YES;
				IPHONEOS_DEPLOYMENT_TARGET = 9.0;
				MTL_ENABLE_DEBUG_INFO = YES;
				ONLY_ACTIVE_ARCH = YES;
				SDKROOT = iphoneos;
				SWIFT_OPTIMIZATION_LEVEL = "-Onone";
			};
			name = Debug;
		};
		3358E80C1BD5AB630060C4CB /* Release */ = {
			isa = XCBuildConfiguration;
			buildSettings = {
				ALWAYS_SEARCH_USER_PATHS = NO;
				CLANG_CXX_LANGUAGE_STANDARD = "gnu++0x";
				CLANG_CXX_LIBRARY = "libc++";
				CLANG_ENABLE_MODULES = YES;
				CLANG_ENABLE_OBJC_ARC = YES;
				CLANG_WARN_BOOL_CONVERSION = YES;
				CLANG_WARN_CONSTANT_CONVERSION = YES;
				CLANG_WARN_DIRECT_OBJC_ISA_USAGE = YES_ERROR;
				CLANG_WARN_EMPTY_BODY = YES;
				CLANG_WARN_ENUM_CONVERSION = YES;
				CLANG_WARN_INT_CONVERSION = YES;
				CLANG_WARN_OBJC_ROOT_CLASS = YES_ERROR;
				CLANG_WARN_UNREACHABLE_CODE = YES;
				CLANG_WARN__DUPLICATE_METHOD_MATCH = YES;
				"CODE_SIGN_IDENTITY[sdk=iphoneos*]" = "iPhone Developer";
				COPY_PHASE_STRIP = NO;
				DEBUG_INFORMATION_FORMAT = "dwarf-with-dsym";
				ENABLE_NS_ASSERTIONS = NO;
				ENABLE_STRICT_OBJC_MSGSEND = YES;
				GCC_C_LANGUAGE_STANDARD = gnu99;
				GCC_NO_COMMON_BLOCKS = YES;
				GCC_WARN_64_TO_32_BIT_CONVERSION = YES;
				GCC_WARN_ABOUT_RETURN_TYPE = YES_ERROR;
				GCC_WARN_UNDECLARED_SELECTOR = YES;
				GCC_WARN_UNINITIALIZED_AUTOS = YES_AGGRESSIVE;
				GCC_WARN_UNUSED_FUNCTION = YES;
				GCC_WARN_UNUSED_VARIABLE = YES;
				IPHONEOS_DEPLOYMENT_TARGET = 9.0;
				MTL_ENABLE_DEBUG_INFO = NO;
				SDKROOT = iphoneos;
				VALIDATE_PRODUCT = YES;
			};
			name = Release;
		};
		3358E80E1BD5AB630060C4CB /* Debug */ = {
			isa = XCBuildConfiguration;
			baseConfigurationReference = AE9A965A89C656F4FBE7FE65 /* Pods-MSTripPlanner.debug.xcconfig */;
			buildSettings = {
				ASSETCATALOG_COMPILER_APPICON_NAME = AppIcon;
				INFOPLIST_FILE = MSTripPlanner/Info.plist;
				LD_RUNPATH_SEARCH_PATHS = "$(inherited) @executable_path/Frameworks";
				PRODUCT_BUNDLE_IDENTIFIER = com.beingadrian.MSTripPlanner;
				PRODUCT_NAME = "$(TARGET_NAME)";
			};
			name = Debug;
		};
		3358E80F1BD5AB630060C4CB /* Release */ = {
			isa = XCBuildConfiguration;
			baseConfigurationReference = CF9E83C556CEFEA2F98D1306 /* Pods-MSTripPlanner.release.xcconfig */;
			buildSettings = {
				ASSETCATALOG_COMPILER_APPICON_NAME = AppIcon;
				INFOPLIST_FILE = MSTripPlanner/Info.plist;
				LD_RUNPATH_SEARCH_PATHS = "$(inherited) @executable_path/Frameworks";
				PRODUCT_BUNDLE_IDENTIFIER = com.beingadrian.MSTripPlanner;
				PRODUCT_NAME = "$(TARGET_NAME)";
			};
			name = Release;
		};
		3358E8111BD5AB630060C4CB /* Debug */ = {
			isa = XCBuildConfiguration;
			buildSettings = {
				BUNDLE_LOADER = "$(TEST_HOST)";
				INFOPLIST_FILE = MSTripPlannerTests/Info.plist;
				LD_RUNPATH_SEARCH_PATHS = "$(inherited) @executable_path/Frameworks @loader_path/Frameworks";
				PRODUCT_BUNDLE_IDENTIFIER = com.beingadrian.MSTripPlannerTests;
				PRODUCT_NAME = "$(TARGET_NAME)";
				TEST_HOST = "$(BUILT_PRODUCTS_DIR)/MSTripPlanner.app/MSTripPlanner";
			};
			name = Debug;
		};
		3358E8121BD5AB630060C4CB /* Release */ = {
			isa = XCBuildConfiguration;
			buildSettings = {
				BUNDLE_LOADER = "$(TEST_HOST)";
				INFOPLIST_FILE = MSTripPlannerTests/Info.plist;
				LD_RUNPATH_SEARCH_PATHS = "$(inherited) @executable_path/Frameworks @loader_path/Frameworks";
				PRODUCT_BUNDLE_IDENTIFIER = com.beingadrian.MSTripPlannerTests;
				PRODUCT_NAME = "$(TARGET_NAME)";
				TEST_HOST = "$(BUILT_PRODUCTS_DIR)/MSTripPlanner.app/MSTripPlanner";
			};
			name = Release;
		};
		3358E8141BD5AB630060C4CB /* Debug */ = {
			isa = XCBuildConfiguration;
			buildSettings = {
				INFOPLIST_FILE = MSTripPlannerUITests/Info.plist;
				LD_RUNPATH_SEARCH_PATHS = "$(inherited) @executable_path/Frameworks @loader_path/Frameworks";
				PRODUCT_BUNDLE_IDENTIFIER = com.beingadrian.MSTripPlannerUITests;
				PRODUCT_NAME = "$(TARGET_NAME)";
				TEST_TARGET_NAME = MSTripPlanner;
				USES_XCTRUNNER = YES;
			};
			name = Debug;
		};
		3358E8151BD5AB630060C4CB /* Release */ = {
			isa = XCBuildConfiguration;
			buildSettings = {
				INFOPLIST_FILE = MSTripPlannerUITests/Info.plist;
				LD_RUNPATH_SEARCH_PATHS = "$(inherited) @executable_path/Frameworks @loader_path/Frameworks";
				PRODUCT_BUNDLE_IDENTIFIER = com.beingadrian.MSTripPlannerUITests;
				PRODUCT_NAME = "$(TARGET_NAME)";
				TEST_TARGET_NAME = MSTripPlanner;
				USES_XCTRUNNER = YES;
			};
			name = Release;
		};
/* End XCBuildConfiguration section */

/* Begin XCConfigurationList section */
		3358E7E01BD5AB630060C4CB /* Build configuration list for PBXProject "MSTripPlanner" */ = {
			isa = XCConfigurationList;
			buildConfigurations = (
				3358E80B1BD5AB630060C4CB /* Debug */,
				3358E80C1BD5AB630060C4CB /* Release */,
			);
			defaultConfigurationIsVisible = 0;
			defaultConfigurationName = Release;
		};
		3358E80D1BD5AB630060C4CB /* Build configuration list for PBXNativeTarget "MSTripPlanner" */ = {
			isa = XCConfigurationList;
			buildConfigurations = (
				3358E80E1BD5AB630060C4CB /* Debug */,
				3358E80F1BD5AB630060C4CB /* Release */,
			);
			defaultConfigurationIsVisible = 0;
			defaultConfigurationName = Release;
		};
		3358E8101BD5AB630060C4CB /* Build configuration list for PBXNativeTarget "MSTripPlannerTests" */ = {
			isa = XCConfigurationList;
			buildConfigurations = (
				3358E8111BD5AB630060C4CB /* Debug */,
				3358E8121BD5AB630060C4CB /* Release */,
			);
			defaultConfigurationIsVisible = 0;
			defaultConfigurationName = Release;
		};
		3358E8131BD5AB630060C4CB /* Build configuration list for PBXNativeTarget "MSTripPlannerUITests" */ = {
			isa = XCConfigurationList;
			buildConfigurations = (
				3358E8141BD5AB630060C4CB /* Debug */,
				3358E8151BD5AB630060C4CB /* Release */,
			);
			defaultConfigurationIsVisible = 0;
			defaultConfigurationName = Release;
		};
/* End XCConfigurationList section */

/* Begin XCVersionGroup section */
		332A1F0D1BD6F505004FA8A6 /* CoreDataModel.xcdatamodeld */ = {
			isa = XCVersionGroup;
			children = (
				332A1F0E1BD6F505004FA8A6 /* CoreDataModel.xcdatamodel */,
			);
			currentVersion = 332A1F0E1BD6F505004FA8A6 /* CoreDataModel.xcdatamodel */;
			path = CoreDataModel.xcdatamodeld;
			sourceTree = "<group>";
			versionGroupType = wrapper.xcdatamodel;
		};
/* End XCVersionGroup section */
	};
	rootObject = 3358E7DD1BD5AB630060C4CB /* Project object */;
}
